
Microsoft Visual Studio Solution File, Format Version 12.00
# Visual Studio Version 17
VisualStudioVersion = 17.9.34728.123
MinimumVisualStudioVersion = 10.0.40219.1
Project("{FAE04EC0-301F-11D3-BF4B-00C04F79EFBC}") = "ModuleManager.SqlServer", "ModuleManager.SqlServer\ModuleManager.SqlServer.csproj", "{BEC02192-B820-43BB-BD68-B31E0E487FA2}"
EndProject
Global
	GlobalSection(SolutionConfigurationPlatforms) = preSolution
		Debug|Any CPU = Debug|Any CPU
		Release|Any CPU = Release|Any CPU
	EndGlobalSection
	GlobalSection(ProjectConfigurationPlatforms) = postSolution
		{BEC02192-B820-43BB-BD68-B31E0E487FA2}.Debug|Any CPU.ActiveCfg = Debug|Any CPU
		{BEC02192-B820-43BB-BD68-B31E0E487FA2}.Debug|Any CPU.Build.0 = Debug|Any CPU
		{BEC02192-B820-43BB-BD68-B31E0E487FA2}.Release|Any CPU.ActiveCfg = Release|Any CPU
		{BEC02192-B820-43BB-BD68-B31E0E487FA2}.Release|Any CPU.Build.0 = Release|Any CPU
	EndGlobalSection
	GlobalSection(SolutionProperties) = preSolution
		HideSolutionNode = FALSE
	EndGlobalSection
	GlobalSection(ExtensibilityGlobals) = postSolution
		SolutionGuid = {B64E9DC4-E6C6-4CD5-A7C6-66D8C9226B8A}
	EndGlobalSection
EndGlobal
